
Microsoft Visual Studio Solution File, Format Version 12.00
Project("{FAE04EC0-301F-11D3-BF4B-00C04F79EFBC}") = "AvalonStalker", "AvalonStalker\AvalonStalker.csproj", "{ACE53B43-14D2-4432-9110-703696FDE2A3}"
EndProject
Project("{FAE04EC0-301F-11D3-BF4B-00C04F79EFBC}") = "AvalonStalker.Core", "AvalonStalker.Core\AvalonStalker.Core.csproj", "{3CA6EA3F-C85E-4ED1-B050-ABBF873C3158}"
EndProject
Global
	GlobalSection(SolutionConfigurationPlatforms) = preSolution
		Debug|Any CPU = Debug|Any CPU
		Release|Any CPU = Release|Any CPU
	EndGlobalSection
	GlobalSection(ProjectConfigurationPlatforms) = postSolution
		{ACE53B43-14D2-4432-9110-703696FDE2A3}.Debug|Any CPU.ActiveCfg = Debug|Any CPU
		{ACE53B43-14D2-4432-9110-703696FDE2A3}.Debug|Any CPU.Build.0 = Debug|Any CPU
		{ACE53B43-14D2-4432-9110-703696FDE2A3}.Release|Any CPU.ActiveCfg = Release|Any CPU
		{ACE53B43-14D2-4432-9110-703696FDE2A3}.Release|Any CPU.Build.0 = Release|Any CPU
		{3CA6EA3F-C85E-4ED1-B050-ABBF873C3158}.Debug|Any CPU.ActiveCfg = Debug|Any CPU
		{3CA6EA3F-C85E-4ED1-B050-ABBF873C3158}.Debug|Any CPU.Build.0 = Debug|Any CPU
		{3CA6EA3F-C85E-4ED1-B050-ABBF873C3158}.Release|Any CPU.ActiveCfg = Release|Any CPU
		{3CA6EA3F-C85E-4ED1-B050-ABBF873C3158}.Release|Any CPU.Build.0 = Release|Any CPU
	EndGlobalSection
EndGlobal
